parameters:
  - $ref: ../components/parameters/ComponentId.yaml
post:
  operationId: lockComponent
  tags:
    - Components
  summary: Lock all unlocked rules in a component
  description: >-
    Locks every currently-unlocked rule in the component, preventing further
    edits. Optionally accepts a comment for the audit trail. Requires admin
    role on the parent project. Already-locked rules are unaffected.
  requestBody:
    content:
      application/json:
        schema:
          type: object
          properties:
            review:
              description: >-
                The bulk-lock surface is action + comment only — one review
                row is generated per locked requirement carrying both. Other
                review keys (section, responding_to_review_id, component_id)
                are ignored.
              type: object
              required:
                - action
              properties:
                action:
                  type: string
                  description: The review action recorded on every generated row.
                  enum:
                    - lock_control
                  example: lock_control
                comment:
                  type: string
                  description: Audit trail comment explaining why the component was locked.
                  example: "Locking for DISA submission review."
        examples:
          lock:
            summary: Lock with audit comment
            value:
              review:
                action: lock_control
                comment: "Locking for DISA submission review."
  responses:
    '200':
      description: All rules locked
      content:
        application/json:
          schema:
            $ref: ../components/schemas/ToastResponse.yaml
          examples:
            locked:
              summary: Component locked
              value:
                toast:
                  title: Controls locked.
                  message:
                    - "264 rules locked."
                  variant: success
    4XX:
      $ref: ../components/responses/ErrorResponse.yaml
